// !$*UTF8*$!
{
	archiveVersion = 1;
	classes = {
	};
	objectVersion = 56;
	objects = {

/* Begin PBXBuildFile section */
		D81F59452C541ACB001FFED1 /* AppDelegate.swift in Sources */ = {isa = PBXBuildFile; fileRef = D81F59442C541ACB001FFED1 /* AppDelegate.swift */; };
		D81F59472C541ACB001FFED1 /* SceneDelegate.swift in Sources */ = {isa = PBXBuildFile; fileRef = D81F59462C541ACB001FFED1 /* SceneDelegate.swift */; };
		D81F59492C541ACB001FFED1 /* SpeakerViewController.swift in Sources */ = {isa = PBXBuildFile; fileRef = D81F59482C541ACB001FFED1 /* SpeakerViewController.swift */; };
		D81F594C2C541ACB001FFED1 /* Base in Resources */ = {isa = PBXBuildFile; fileRef = D81F594B2C541ACB001FFED1 /* Base */; };
		D81F594E2C541ACD001FFED1 /* Assets.xcassets in Resources */ = {isa = PBXBuildFile; fileRef = D81F594D2C541ACD001FFED1 /* Assets.xcassets */; };
		D81F59512C541ACD001FFED1 /* Base in Resources */ = {isa = PBXBuildFile; fileRef = D81F59502C541ACD001FFED1 /* Base */; };
		D81F595D2C541C45001FFED1 /* QuoteViewController.swift in Sources */ = {isa = PBXBuildFile; fileRef = D81F595C2C541C45001FFED1 /* QuoteViewController.swift */; };
		D81F595F2C541C6D001FFED1 /* SpeakerViewModel.swift in Sources */ = {isa = PBXBuildFile; fileRef = D81F595E2C541C6D001FFED1 /* SpeakerViewModel.swift */; };
		D81F59612C541C92001FFED1 /* QuoteViewModel.swift in Sources */ = {isa = PBXBuildFile; fileRef = D81F59602C541C92001FFED1 /* QuoteViewModel.swift */; };
		D81F59632C541CC7001FFED1 /* Speaker.swift in Sources */ = {isa = PBXBuildFile; fileRef = D81F59622C541CC7001FFED1 /* Speaker.swift */; };
		D81F59662C54236E001FFED1 /* DataManager.swift in Sources */ = {isa = PBXBuildFile; fileRef = D81F59652C54236E001FFED1 /* DataManager.swift */; };
/* End PBXBuildFile section */

/* Begin PBXFileReference section */
		D81F59412C541ACB001FFED1 /* QuoteZ.app */ = {isa = PBXFileReference; explicitFileType = wrapper.application; includeInIndex = 0; path = QuoteZ.app; sourceTree = BUILT_PRODUCTS_DIR; };
		D81F59442C541ACB001FFED1 /* AppDelegate.swift */ = {isa = PBXFileReference; lastKnownFileType = sourcecode.swift; path = AppDelegate.swift; sourceTree = "<group>"; };
		D81F59462C541ACB001FFED1 /* SceneDelegate.swift */ = {isa = PBXFileReference; lastKnownFileType = sourcecode.swift; path = SceneDelegate.swift; sourceTree = "<group>"; };
		D81F59482C541ACB001FFED1 /* SpeakerViewController.swift */ = {isa = PBXFileReference; lastKnownFileType = sourcecode.swift; path = SpeakerViewController.swift; sourceTree = "<group>"; };
		D81F594B2C541ACB001FFED1 /* Base */ = {isa = PBXFileReference; lastKnownFileType = file.storyboard; name = Base; path = Base.lproj/Main.storyboard; sourceTree = "<group>"; };
		D81F594D2C541ACD001FFED1 /* Assets.xcassets */ = {isa = PBXFileReference; lastKnownFileType = folder.assetcatalog; path = Assets.xcassets; sourceTree = "<group>"; };
		D81F59502C541ACD001FFED1 /* Base */ = {isa = PBXFileReference; lastKnownFileType = file.storyboard; name = Base; path = Base.lproj/LaunchScreen.storyboard; sourceTree = "<group>"; };
		D81F59522C541ACD001FFED1 /* Info.plist */ = {isa = PBXFileReference; lastKnownFileType = text.plist.xml; path = Info.plist; sourceTree = "<group>"; };
		D81F595C2C541C45001FFED1 /* QuoteViewController.swift */ = {isa = PBXFileReference; lastKnownFileType = sourcecode.swift; path = QuoteViewController.swift; sourceTree = "<group>"; };
		D81F595E2C541C6D001FFED1 /* SpeakerViewModel.swift */ = {isa = PBXFileReference; lastKnownFileType = sourcecode.swift; path = SpeakerViewModel.swift; sourceTree = "<group>"; };
		D81F59602C541C92001FFED1 /* QuoteViewModel.swift */ = {isa = PBXFileReference; lastKnownFileType = sourcecode.swift; path = QuoteViewModel.swift; sourceTree = "<group>"; };
		D81F59622C541CC7001FFED1 /* Speaker.swift */ = {isa = PBXFileReference; lastKnownFileType = sourcecode.swift; path = Speaker.swift; sourceTree = "<group>"; };
		D81F59652C54236E001FFED1 /* DataManager.swift */ = {isa = PBXFileReference; lastKnownFileType = sourcecode.swift; path = DataManager.swift; sourceTree = "<group>"; };
/* End PBXFileReference section */

/* Begin PBXFrameworksBuildPhase section */
		D81F593E2C541ACB001FFED1 /* Frameworks */ = {
			isa = PBXFrameworksBuildPhase;
			buildActionMask = 2147483647;
			files = (
			);
			runOnlyForDeploymentPostprocessing = 0;
		};
/* End PBXFrameworksBuildPhase section */

/* Begin PBXGroup section */
		D81F59382C541ACB001FFED1 = {
			isa = PBXGroup;
			children = (
				D81F59432C541ACB001FFED1 /* QuoteZ */,
				D81F59422C541ACB001FFED1 /* Products */,
			);
			sourceTree = "<group>";
		};
		D81F59422C541ACB001FFED1 /* Products */ = {
			isa = PBXGroup;
			children = (
				D81F59412C541ACB001FFED1 /* QuoteZ.app */,
			);
			name = Products;
			sourceTree = "<group>";
		};
		D81F59432C541ACB001FFED1 /* QuoteZ */ = {
			isa = PBXGroup;
			children = (
				D81F59592C541AF5001FFED1 /* AppDelegate */,
				D81F595B2C541BA6001FFED1 /* ViewController */,
				D81F59672C544F30001FFED1 /* Resource */,
				D81F59642C541CCF001FFED1 /* Model */,
				D81F595A2C541B2D001FFED1 /* ViewModel */,
				D81F594A2C541ACB001FFED1 /* Main.storyboard */,
				D81F594F2C541ACD001FFED1 /* LaunchScreen.storyboard */,
				D81F59522C541ACD001FFED1 /* Info.plist */,
			);
			path = QuoteZ;
			sourceTree = "<group>";
		};
		D81F59592C541AF5001FFED1 /* AppDelegate */ = {
			isa = PBXGroup;
			children = (
				D81F59442C541ACB001FFED1 /* AppDelegate.swift */,
				D81F59462C541ACB001FFED1 /* SceneDelegate.swift */,
			);
			path = AppDelegate;
			sourceTree = "<group>";
		};
		D81F595A2C541B2D001FFED1 /* ViewModel */ = {
			isa = PBXGroup;
			children = (
				D81F595E2C541C6D001FFED1 /* SpeakerViewModel.swift */,
				D81F59602C541C92001FFED1 /* QuoteViewModel.swift */,
				D81F59652C54236E001FFED1 /* DataManager.swift */,
			);
			path = ViewModel;
			sourceTree = "<group>";
		};
		D81F595B2C541BA6001FFED1 /* ViewController */ = {
			isa = PBXGroup;
			children = (
				D81F59482C541ACB001FFED1 /* SpeakerViewController.swift */,
				D81F595C2C541C45001FFED1 /* QuoteViewController.swift */,
			);
			path = ViewController;
			sourceTree = "<group>";
		};
		D81F59642C541CCF001FFED1 /* Model */ = {
			isa = PBXGroup;
			children = (
				D81F59622C541CC7001FFED1 /* Speaker.swift */,
			);
			path = Model;
			sourceTree = "<group>";
		};
		D81F59672C544F30001FFED1 /* Resource */ = {
			isa = PBXGroup;
			children = (
				D81F594D2C541ACD001FFED1 /* Assets.xcassets */,
			);
			name = Resource;
			sourceTree = "<group>";
		};
/* End PBXGroup section */

/* Begin PBXNativeTarget section */
		D81F59402C541ACB001FFED1 /* QuoteZ */ = {
			isa = PBXNativeTarget;
			buildConfigurationList = D81F59552C541ACD001FFED1 /* Build configuration list for PBXNativeTarget "QuoteZ" */;
			buildPhases = (
				D81F593D2C541ACB001FFED1 /* Sources */,
				D81F593E2C541ACB001FFED1 /* Frameworks */,
				D81F593F2C541ACB001FFED1 /* Resources */,
			);
			buildRules = (
			);
			dependencies = (
			);
			name = QuoteZ;
			productName = QuoteZ;
			productReference = D81F59412C541ACB001FFED1 /* QuoteZ.app */;
			productType = "com.apple.product-type.application";
		};
/* End PBXNativeTarget section */

/* Begin PBXProject section */
		D81F59392C541ACB001FFED1 /* Project object */ = {
			isa = PBXProject;
			attributes = {
				BuildIndependentTargetsInParallel = 1;
				LastSwiftUpdateCheck = 1540;
				LastUpgradeCheck = 1540;
				TargetAttributes = {
					D81F59402C541ACB001FFED1 = {
						CreatedOnToolsVersion = 15.4;
					};
				};
			};
			buildConfigurationList = D81F593C2C541ACB001FFED1 /* Build configuration list for PBXProject "QuoteZ" */;
			compatibilityVersion = "Xcode 14.0";
			developmentRegion = en;
			hasScannedForEncodings = 0;
			knownRegions = (
				en,
				Base,
			);
			mainGroup = D81F59382C541ACB001FFED1;
			productRefGroup = D81F59422C541ACB001FFED1 /* Products */;
			projectDirPath = "";
			projectRoot = "";
			targets = (
				D81F59402C541ACB001FFED1 /* QuoteZ */,
			);
		};
/* End PBXProject section */

/* Begin PBXResourcesBuildPhase section */
		D81F593F2C541ACB001FFED1 /* Resources */ = {
			isa = PBXResourcesBuildPhase;
			buildActionMask = 2147483647;
			files = (
				D81F594E2C541ACD001FFED1 /* Assets.xcassets in Resources */,
				D81F59512C541ACD001FFED1 /* Base in Resources */,
				D81F594C2C541ACB001FFED1 /* Base in Resources */,
			);
			runOnlyForDeploymentPostprocessing = 0;
		};
/* End PBXResourcesBuildPhase section */

/* Begin PBXSourcesBuildPhase section */
		D81F593D2C541ACB001FFED1 /* Sources */ = {
			isa = PBXSourcesBuildPhase;
			buildActionMask = 2147483647;
			files = (
				D81F595F2C541C6D001FFED1 /* SpeakerViewModel.swift in Sources */,
				D81F59662C54236E001FFED1 /* DataManager.swift in Sources */,
				D81F59492C541ACB001FFED1 /* SpeakerViewController.swift in Sources */,
				D81F595D2C541C45001FFED1 /* QuoteViewController.swift in Sources */,
				D81F59612C541C92001FFED1 /* QuoteViewModel.swift in Sources */,
				D81F59632C541CC7001FFED1 /* Speaker.swift in Sources */,
				D81F59452C541ACB001FFED1 /* AppDelegate.swift in Sources */,
				D81F59472C541ACB001FFED1 /* SceneDelegate.swift in Sources */,
			);
			runOnlyForDeploymentPostprocessing = 0;
		};
/* End PBXSourcesBuildPhase section */

/* Begin PBXVariantGroup section */
		D81F594A2C541ACB001FFED1 /* Main.storyboard */ = {
			isa = PBXVariantGroup;
			children = (
				D81F594B2C541ACB001FFED1 /* Base */,
			);
			name = Main.storyboard;
			sourceTree = "<group>";
		};
		D81F594F2C541ACD001FFED1 /* LaunchScreen.storyboard */ = {
			isa = PBXVariantGroup;
			children = (
				D81F59502C541ACD001FFED1 /* Base */,
			);
			name = LaunchScreen.storyboard;
			sourceTree = "<group>";
		};
/* End PBXVariantGroup section */

/* Begin XCBuildConfiguration section */
		D81F59532C541ACD001FFED1 /* Debug */ = {
			isa = XCBuildConfiguration;
			buildSettings = {
				ALWAYS_SEARCH_USER_PATHS = NO;
				ASSETCATALOG_COMPILER_GENERATE_SWIFT_ASSET_SYMBOL_EXTENSIONS = YES;
				CLANG_ANALYZER_NONNULL = YES;
				CLANG_ANALYZER_NUMBER_OBJECT_CONVERSION = YES_AGGRESSIVE;
				CLANG_CXX_LANGUAGE_STANDARD = "gnu++20";
				CLANG_ENABLE_MODULES = YES;
				CLANG_ENABLE_OBJC_ARC = YES;
				CLANG_ENABLE_OBJC_WEAK = YES;
				CLANG_WARN_BLOCK_CAPTURE_AUTORELEASING = YES;
				CLANG_WARN_BOOL_CONVERSION = YES;
				CLANG_WARN_COMMA = YES;
				CLANG_WARN_CONSTANT_CONVERSION = YES;
				CLANG_WARN_DEPRECATED_OBJC_IMPLEMENTATIONS = YES;
				CLANG_WARN_DIRECT_OBJC_ISA_USAGE = YES_ERROR;
				CLANG_WARN_DOCUMENTATION_COMMENTS = YES;
				CLANG_WARN_EMPTY_BODY = YES;
				CLANG_WARN_ENUM_CONVERSION = YES;
				CLANG_WARN_INFINITE_RECURSION = YES;
				CLANG_WARN_INT_CONVERSION = YES;
				CLANG_WARN_NON_LITERAL_NULL_CONVERSION = YES;
				CLANG_WARN_OBJC_IMPLICIT_RETAIN_SELF = YES;
				CLANG_WARN_OBJC_LITERAL_CONVERSION = YES;
				CLANG_WARN_OBJC_ROOT_CLASS = YES_ERROR;
				CLANG_WARN_QUOTED_INCLUDE_IN_FRAMEWORK_HEADER = YES;
				CLANG_WARN_RANGE_LOOP_ANALYSIS = YES;
				CLANG_WARN_STRICT_PROTOTYPES = YES;
				CLANG_WARN_SUSPICIOUS_MOVE = YES;
				CLANG_WARN_UNGUARDED_AVAILABILITY = YES_AGGRESSIVE;
				CLANG_WARN_UNREACHABLE_CODE = YES;
				CLANG_WARN__DUPLICATE_METHOD_MATCH = YES;
				COPY_PHASE_STRIP = NO;
				DEBUG_INFORMATION_FORMAT = dwarf;
				ENABLE_STRICT_OBJC_MSGSEND = YES;
				ENABLE_TESTABILITY = YES;
				ENABLE_USER_SCRIPT_SANDBOXING = YES;
				GCC_C_LANGUAGE_STANDARD = gnu17;
				GCC_DYNAMIC_NO_PIC = NO;
				GCC_NO_COMMON_BLOCKS = YES;
				GCC_OPTIMIZATION_LEVEL = 0;
				GCC_PREPROCESSOR_DEFINITIONS = (
					"DEBUG=1",
					"$(inherited)",
				);
				GCC_WARN_64_TO_32_BIT_CONVERSION = YES;
				GCC_WARN_ABOUT_RETURN_TYPE = YES_ERROR;
				GCC_WARN_UNDECLARED_SELECTOR = YES;
				GCC_WARN_UNINITIALIZED_AUTOS = YES_AGGRESSIVE;
				GCC_WARN_UNUSED_FUNCTION = YES;
				GCC_WARN_UNUSED_VARIABLE = YES;
				IPHONEOS_DEPLOYMENT_TARGET = 17.5;
				LOCALIZATION_PREFERS_STRING_CATALOGS = YES;
				MTL_ENABLE_DEBUG_INFO = INCLUDE_SOURCE;
				MTL_FAST_MATH = YES;
				ONLY_ACTIVE_ARCH = YES;
				SDKROOT = iphoneos;
				SWIFT_ACTIVE_COMPILATION_CONDITIONS = "DEBUG $(inherited)";
				SWIFT_OPTIMIZATION_LEVEL = "-Onone";
			};
			name = Debug;
		};
		D81F59542C541ACD001FFED1 /* Release */ = {
			isa = XCBuildConfiguration;
			buildSettings = {
				ALWAYS_SEARCH_USER_PATHS = NO;
				ASSETCATALOG_COMPILER_GENERATE_SWIFT_ASSET_SYMBOL_EXTENSIONS = YES;
				CLANG_ANALYZER_NONNULL = YES;
				CLANG_ANALYZER_NUMBER_OBJECT_CONVERSION = YES_AGGRESSIVE;
				CLANG_CXX_LANGUAGE_STANDARD = "gnu++20";
				CLANG_ENABLE_MODULES = YES;
				CLANG_ENABLE_OBJC_ARC = YES;
				CLANG_ENABLE_OBJC_WEAK = YES;
				CLANG_WARN_BLOCK_CAPTURE_AUTORELEASING = YES;
				CLANG_WARN_BOOL_CONVERSION = YES;
				CLANG_WARN_COMMA = YES;
				CLANG_WARN_CONSTANT_CONVERSION = YES;
				CLANG_WARN_DEPRECATED_OBJC_IMPLEMENTATIONS = YES;
				CLANG_WARN_DIRECT_OBJC_ISA_USAGE = YES_ERROR;
				CLANG_WARN_DOCUMENTATION_COMMENTS = YES;
				CLANG_WARN_EMPTY_BODY = YES;
				CLANG_WARN_ENUM_CONVERSION = YES;
				CLANG_WARN_INFINITE_RECURSION = YES;
				CLANG_WARN_INT_CONVERSION = YES;
				CLANG_WARN_NON_LITERAL_NULL_CONVERSION = YES;
				CLANG_WARN_OBJC_IMPLICIT_RETAIN_SELF = YES;
				CLANG_WARN_OBJC_LITERAL_CONVERSION = YES;
				CLANG_WARN_OBJC_ROOT_CLASS = YES_ERROR;
				CLANG_WARN_QUOTED_INCLUDE_IN_FRAMEWORK_HEADER = YES;
				CLANG_WARN_RANGE_LOOP_ANALYSIS = YES;
				CLANG_WARN_STRICT_PROTOTYPES = YES;
				CLANG_WARN_SUSPICIOUS_MOVE = YES;
				CLANG_WARN_UNGUARDED_AVAILABILITY = YES_AGGRESSIVE;
				CLANG_WARN_UNREACHABLE_CODE = YES;
				CLANG_WARN__DUPLICATE_METHOD_MATCH = YES;
				COPY_PHASE_STRIP = NO;
				DEBUG_INFORMATION_FORMAT = "dwarf-with-dsym";
				ENABLE_NS_ASSERTIONS = NO;
				ENABLE_STRICT_OBJC_MSGSEND = YES;
				ENABLE_USER_SCRIPT_SANDBOXING = YES;
				GCC_C_LANGUAGE_STANDARD = gnu17;
				GCC_NO_COMMON_BLOCKS = YES;
				GCC_WARN_64_TO_32_BIT_CONVERSION = YES;
				GCC_WARN_ABOUT_RETURN_TYPE = YES_ERROR;
				GCC_WARN_UNDECLARED_SELECTOR = YES;
				GCC_WARN_UNINITIALIZED_AUTOS = YES_AGGRESSIVE;
				GCC_WARN_UNUSED_FUNCTION = YES;
				GCC_WARN_UNUSED_VARIABLE = YES;
				IPHONEOS_DEPLOYMENT_TARGET = 17.5;
				LOCALIZATION_PREFERS_STRING_CATALOGS = YES;
				MTL_ENABLE_DEBUG_INFO = NO;
				MTL_FAST_MATH = YES;
				SDKROOT = iphoneos;
				SWIFT_COMPILATION_MODE = wholemodule;
				VALIDATE_PRODUCT = YES;
			};
			name = Release;
		};
		D81F59562C541ACD001FFED1 /* Debug */ = {
			isa = XCBuildConfiguration;
			buildSettings = {
				ASSETCATALOG_COMPILER_APPICON_NAME = AppIcon;
				ASSETCATALOG_COMPILER_GLOBAL_ACCENT_COLOR_NAME = AccentColor;
				CODE_SIGN_STYLE = Automatic;
				CURRENT_PROJECT_VERSION = 1;
				GENERATE_INFOPLIST_FILE = YES;
				INFOPLIST_FILE = QuoteZ/Info.plist;
				INFOPLIST_KEY_UIApplicationSupportsIndirectInputEvents = YES;
				INFOPLIST_KEY_UILaunchStoryboardName = LaunchScreen;
				INFOPLIST_KEY_UIMainStoryboardFile = Main;
				INFOPLIST_KEY_UISupportedInterfaceOrientations_iPad = "UIInterfaceOrientationPortrait UIInterfaceOrientationPortraitUpsideDown UIInterfaceOrientationLandscapeLeft UIInterfaceOrientationLandscapeRight";
				INFOPLIST_KEY_UISupportedInterfaceOrientations_iPhone = "UIInterfaceOrientationPortrait UIInterfaceOrientationLandscapeLeft UIInterfaceOrientationLandscapeRight";
				LD_RUNPATH_SEARCH_PATHS = (
					"$(inherited)",
					"@executable_path/Frameworks",
				);
				MARKETING_VERSION = 1.0;
				PRODUCT_BUNDLE_IDENTIFIER = com.souvik.QuoteZ;
				PRODUCT_NAME = "$(TARGET_NAME)";
				SWIFT_EMIT_LOC_STRINGS = YES;
				SWIFT_VERSION = 5.0;
				TARGETED_DEVICE_FAMILY = "1,2";
			};
			name = Debug;
		};
		D81F59572C541ACD001FFED1 /* Release */ = {
			isa = XCBuildConfiguration;
			buildSettings = {
				ASSETCATALOG_COMPILER_APPICON_NAME = AppIcon;
				ASSETCATALOG_COMPILER_GLOBAL_ACCENT_COLOR_NAME = AccentColor;
				CODE_SIGN_STYLE = Automatic;
				CURRENT_PROJECT_VERSION = 1;
				GENERATE_INFOPLIST_FILE = YES;
				INFOPLIST_FILE = QuoteZ/Info.plist;
				INFOPLIST_KEY_UIApplicationSupportsIndirectInputEvents = YES;
				INFOPLIST_KEY_UILaunchStoryboardName = LaunchScreen;
				INFOPLIST_KEY_UIMainStoryboardFile = Main;
				INFOPLIST_KEY_UISupportedInterfaceOrientations_iPad = "UIInterfaceOrientationPortrait UIInterfaceOrientationPortraitUpsideDown UIInterfaceOrientationLandscapeLeft UIInterfaceOrientationLandscapeRight";
				INFOPLIST_KEY_UISupportedInterfaceOrientations_iPhone = "UIInterfaceOrientationPortrait UIInterfaceOrientationLandscapeLeft UIInterfaceOrientationLandscapeRight";
				LD_RUNPATH_SEARCH_PATHS = (
					"$(inherited)",
					"@executable_path/Frameworks",
				);
				MARKETING_VERSION = 1.0;
				PRODUCT_BUNDLE_IDENTIFIER = com.souvik.QuoteZ;
				PRODUCT_NAME = "$(TARGET_NAME)";
				SWIFT_EMIT_LOC_STRINGS = YES;
				SWIFT_VERSION = 5.0;
				TARGETED_DEVICE_FAMILY = "1,2";
			};
			name = Release;
		};
/* End XCBuildConfiguration section */

/* Begin XCConfigurationList section */
		D81F593C2C541ACB001FFED1 /* Build configuration list for PBXProject "QuoteZ" */ = {
			isa = XCConfigurationList;
			buildConfigurations = (
				D81F59532C541ACD001FFED1 /* Debug */,
				D81F59542C541ACD001FFED1 /* Release */,
			);
			defaultConfigurationIsVisible = 0;
			defaultConfigurationName = Release;
		};
		D81F59552C541ACD001FFED1 /* Build configuration list for PBXNativeTarget "QuoteZ" */ = {
			isa = XCConfigurationList;
			buildConfigurations = (
				D81F59562C541ACD001FFED1 /* Debug */,
				D81F59572C541ACD001FFED1 /* Release */,
			);
			defaultConfigurationIsVisible = 0;
			defaultConfigurationName = Release;
		};
/* End XCConfigurationList section */
	};
	rootObject = D81F59392C541ACB001FFED1 /* Project object */;
}
